
Microsoft Visual Studio Solution File, Format Version 12.00
# Visual Studio Version 16
VisualStudioVersion = 16.0.33027.164
MinimumVisualStudioVersion = 10.0.40219.1
Project("{9A19103F-16F7-4668-BE54-9A1E7A4F7556}") = "Variables", "Variables\Variables.csproj", "{F0017DCD-1416-434C-BDE5-838050FBD477}"
EndProject
Project("{9A19103F-16F7-4668-BE54-9A1E7A4F7556}") = "Operators", "Operators\Operators.csproj", "{1A7C446D-CD07-476D-B5B7-B428AE14ADC1}"
EndProject
Project("{9A19103F-16F7-4668-BE54-9A1E7A4F7556}") = "Methods", "Methods\Methods.csproj", "{203F6BDA-C21F-4B3C-8231-8562F3C6944D}"
EndProject
Project("{9A19103F-16F7-4668-BE54-9A1E7A4F7556}") = "Structure", "Structure\Structure.csproj", "{D8E3F775-306E-4A2E-ADF9-055F86946382}"
EndProject
Project("{9A19103F-16F7-4668-BE54-9A1E7A4F7556}") = "ClassObjectInstance", "ClassObjectInstance\ClassObjectInstance.csproj", "{0C9DA1CC-B6EC-48C6-973C-A0744777A5AA}"
EndProject
Project("{9A19103F-16F7-4668-BE54-9A1E7A4F7556}") = "Statement_If", "Statement_If\Statement_If.csproj", "{22D41CFC-63F1-4A53-962E-80F1460BA0CB}"
EndProject
Project("{9A19103F-16F7-4668-BE54-9A1E7A4F7556}") = "Statement_SwitchAndEnum", "Statement_SwitchAndEnum\Statement_SwitchAndEnum.csproj", "{4AC2A4F0-6E60-43B3-BD0C-C605FE712CEE}"
EndProject
Project("{9A19103F-16F7-4668-BE54-9A1E7A4F7556}") = "Statement_Loops", "Statement_Loops\Statement_Loops.csproj", "{5F3D80CB-598C-430A-9FC4-F58989900694}"
EndProject
Project("{9A19103F-16F7-4668-BE54-9A1E7A4F7556}") = "Array1D", "Array1D\Array1D.csproj", "{ECF2F8A7-5D9F-47A1-AAA9-2B2D5A0281CC}"
EndProject
Project("{9A19103F-16F7-4668-BE54-9A1E7A4F7556}") = "HorseRacing", "HorseRacing\HorseRacing.csproj", "{7BC3FAEC-96DF-40D8-895A-EF72EB5BBAE9}"
EndProject
Project("{9A19103F-16F7-4668-BE54-9A1E7A4F7556}") = "Array2D", "Array2D\Array2D.csproj", "{4E4A2331-84F9-4694-9675-1288605A8269}"
EndProject
Project("{9A19103F-16F7-4668-BE54-9A1E7A4F7556}") = "Inheritance", "Inheritance\Inheritance.csproj", "{6A8F0F44-1669-4D86-8FE0-2B32DEAD0B9C}"
EndProject
Project("{9A19103F-16F7-4668-BE54-9A1E7A4F7556}") = "Collections", "MyDynamicArray\Collections.csproj", "{BB6ACD77-C43F-47E3-8E53-68B6586F427E}"
EndProject
Project("{FAE04EC0-301F-11D3-BF4B-00C04F79EFBC}") = "Delegate", "Delegate\Delegate.csproj", "{4B2B73B2-B809-4DC3-A0EE-481CD852FD9A}"
EndProject
Global
	GlobalSection(SolutionConfigurationPlatforms) = preSolution
		Debug|Any CPU = Debug|Any CPU
		Release|Any CPU = Release|Any CPU
	EndGlobalSection
	GlobalSection(ProjectConfigurationPlatforms) = postSolution
		{F0017DCD-1416-434C-BDE5-838050FBD477}.Debug|Any CPU.ActiveCfg = Debug|Any CPU
		{F0017DCD-1416-434C-BDE5-838050FBD477}.Debug|Any CPU.Build.0 = Debug|Any CPU
		{F0017DCD-1416-434C-BDE5-838050FBD477}.Release|Any CPU.ActiveCfg = Release|Any CPU
		{F0017DCD-1416-434C-BDE5-838050FBD477}.Release|Any CPU.Build.0 = Release|Any CPU
		{1A7C446D-CD07-476D-B5B7-B428AE14ADC1}.Debug|Any CPU.ActiveCfg = Debug|Any CPU
		{1A7C446D-CD07-476D-B5B7-B428AE14ADC1}.Debug|Any CPU.Build.0 = Debug|Any CPU
		{1A7C446D-CD07-476D-B5B7-B428AE14ADC1}.Release|Any CPU.ActiveCfg = Release|Any CPU
		{1A7C446D-CD07-476D-B5B7-B428AE14ADC1}.Release|Any CPU.Build.0 = Release|Any CPU
		{203F6BDA-C21F-4B3C-8231-8562F3C6944D}.Debug|Any CPU.ActiveCfg = Debug|Any CPU
		{203F6BDA-C21F-4B3C-8231-8562F3C6944D}.Debug|Any CPU.Build.0 = Debug|Any CPU
		{203F6BDA-C21F-4B3C-8231-8562F3C6944D}.Release|Any CPU.ActiveCfg = Release|Any CPU
		{203F6BDA-C21F-4B3C-8231-8562F3C6944D}.Release|Any CPU.Build.0 = Release|Any CPU
		{D8E3F775-306E-4A2E-ADF9-055F86946382}.Debug|Any CPU.ActiveCfg = Debug|Any CPU
		{D8E3F775-306E-4A2E-ADF9-055F86946382}.Debug|Any CPU.Build.0 = Debug|Any CPU
		{D8E3F775-306E-4A2E-ADF9-055F86946382}.Release|Any CPU.ActiveCfg = Release|Any CPU
		{D8E3F775-306E-4A2E-ADF9-055F86946382}.Release|Any CPU.Build.0 = Release|Any CPU
		{0C9DA1CC-B6EC-48C6-973C-A0744777A5AA}.Debug|Any CPU.ActiveCfg = Debug|Any CPU
		{0C9DA1CC-B6EC-48C6-973C-A0744777A5AA}.Debug|Any CPU.Build.0 = Debug|Any CPU
		{0C9DA1CC-B6EC-48C6-973C-A0744777A5AA}.Release|Any CPU.ActiveCfg = Release|Any CPU
		{0C9DA1CC-B6EC-48C6-973C-A0744777A5AA}.Release|Any CPU.Build.0 = Release|Any CPU
		{22D41CFC-63F1-4A53-962E-80F1460BA0CB}.Debug|Any CPU.ActiveCfg = Debug|Any CPU
		{22D41CFC-63F1-4A53-962E-80F1460BA0CB}.Debug|Any CPU.Build.0 = Debug|Any CPU
		{22D41CFC-63F1-4A53-962E-80F1460BA0CB}.Release|Any CPU.ActiveCfg = Release|Any CPU
		{22D41CFC-63F1-4A53-962E-80F1460BA0CB}.Release|Any CPU.Build.0 = Release|Any CPU
		{4AC2A4F0-6E60-43B3-BD0C-C605FE712CEE}.Debug|Any CPU.ActiveCfg = Debug|Any CPU
		{4AC2A4F0-6E60-43B3-BD0C-C605FE712CEE}.Debug|Any CPU.Build.0 = Debug|Any CPU
		{4AC2A4F0-6E60-43B3-BD0C-C605FE712CEE}.Release|Any CPU.ActiveCfg = Release|Any CPU
		{4AC2A4F0-6E60-43B3-BD0C-C605FE712CEE}.Release|Any CPU.Build.0 = Release|Any CPU
		{5F3D80CB-598C-430A-9FC4-F58989900694}.Debug|Any CPU.ActiveCfg = Debug|Any CPU
		{5F3D80CB-598C-430A-9FC4-F58989900694}.Debug|Any CPU.Build.0 = Debug|Any CPU
		{5F3D80CB-598C-430A-9FC4-F58989900694}.Release|Any CPU.ActiveCfg = Release|Any CPU
		{5F3D80CB-598C-430A-9FC4-F58989900694}.Release|Any CPU.Build.0 = Release|Any CPU
		{ECF2F8A7-5D9F-47A1-AAA9-2B2D5A0281CC}.Debug|Any CPU.ActiveCfg = Debug|Any CPU
		{ECF2F8A7-5D9F-47A1-AAA9-2B2D5A0281CC}.Debug|Any CPU.Build.0 = Debug|Any CPU
		{ECF2F8A7-5D9F-47A1-AAA9-2B2D5A0281CC}.Release|Any CPU.ActiveCfg = Release|Any CPU
		{ECF2F8A7-5D9F-47A1-AAA9-2B2D5A0281CC}.Release|Any CPU.Build.0 = Release|Any CPU
		{7BC3FAEC-96DF-40D8-895A-EF72EB5BBAE9}.Debug|Any CPU.ActiveCfg = Debug|Any CPU
		{7BC3FAEC-96DF-40D8-895A-EF72EB5BBAE9}.Debug|Any CPU.Build.0 = Debug|Any CPU
		{7BC3FAEC-96DF-40D8-895A-EF72EB5BBAE9}.Release|Any CPU.ActiveCfg = Release|Any CPU
		{7BC3FAEC-96DF-40D8-895A-EF72EB5BBAE9}.Release|Any CPU.Build.0 = Release|Any CPU
		{4E4A2331-84F9-4694-9675-1288605A8269}.Debug|Any CPU.ActiveCfg = Debug|Any CPU
		{4E4A2331-84F9-4694-9675-1288605A8269}.Debug|Any CPU.Build.0 = Debug|Any CPU
		{4E4A2331-84F9-4694-9675-1288605A8269}.Release|Any CPU.ActiveCfg = Release|Any CPU
		{4E4A2331-84F9-4694-9675-1288605A8269}.Release|Any CPU.Build.0 = Release|Any CPU
		{6A8F0F44-1669-4D86-8FE0-2B32DEAD0B9C}.Debug|Any CPU.ActiveCfg = Debug|Any CPU
		{6A8F0F44-1669-4D86-8FE0-2B32DEAD0B9C}.Debug|Any CPU.Build.0 = Debug|Any CPU
		{6A8F0F44-1669-4D86-8FE0-2B32DEAD0B9C}.Release|Any CPU.ActiveCfg = Release|Any CPU
		{6A8F0F44-1669-4D86-8FE0-2B32DEAD0B9C}.Release|Any CPU.Build.0 = Release|Any CPU
		{BB6ACD77-C43F-47E3-8E53-68B6586F427E}.Debug|Any CPU.ActiveCfg = Debug|Any CPU
		{BB6ACD77-C43F-47E3-8E53-68B6586F427E}.Debug|Any CPU.Build.0 = Debug|Any CPU
		{BB6ACD77-C43F-47E3-8E53-68B6586F427E}.Release|Any CPU.ActiveCfg = Release|Any CPU
		{BB6ACD77-C43F-47E3-8E53-68B6586F427E}.Release|Any CPU.Build.0 = Release|Any CPU
		{4B2B73B2-B809-4DC3-A0EE-481CD852FD9A}.Debug|Any CPU.ActiveCfg = Debug|Any CPU
		{4B2B73B2-B809-4DC3-A0EE-481CD852FD9A}.Debug|Any CPU.Build.0 = Debug|Any CPU
		{4B2B73B2-B809-4DC3-A0EE-481CD852FD9A}.Release|Any CPU.ActiveCfg = Release|Any CPU
		{4B2B73B2-B809-4DC3-A0EE-481CD852FD9A}.Release|Any CPU.Build.0 = Release|Any CPU
	EndGlobalSection
	GlobalSection(SolutionProperties) = preSolution
		HideSolutionNode = FALSE
	EndGlobalSection
	GlobalSection(ExtensibilityGlobals) = postSolution
		SolutionGuid = {B448C53D-35F4-4E4D-ACB2-BAE99371AF5D}
	EndGlobalSection
EndGlobal
